
Microsoft Visual Studio Solution File, Format Version 12.00
# Visual Studio Version 17
VisualStudioVersion = 17.10.35013.160
MinimumVisualStudioVersion = 10.0.40219.1
Project("{FAE04EC0-301F-11D3-BF4B-00C04F79EFBC}") = "PrimeiroProjeto", "PrimeiroProjeto\PrimeiroProjeto.csproj", "{A81E0A8A-549B-4AA8-8C0B-5B4D826C2D90}"
EndProject
Global
	GlobalSection(SolutionConfigurationPlatforms) = preSolution
		Debug|Any CPU = Debug|Any CPU
		Release|Any CPU = Release|Any CPU
	EndGlobalSection
	GlobalSection(ProjectConfigurationPlatforms) = postSolution
		{A81E0A8A-549B-4AA8-8C0B-5B4D826C2D90}.Debug|Any CPU.ActiveCfg = Debug|Any CPU
		{A81E0A8A-549B-4AA8-8C0B-5B4D826C2D90}.Debug|Any CPU.Build.0 = Debug|Any CPU
		{A81E0A8A-549B-4AA8-8C0B-5B4D826C2D90}.Release|Any CPU.ActiveCfg = Release|Any CPU
		{A81E0A8A-549B-4AA8-8C0B-5B4D826C2D90}.Release|Any CPU.Build.0 = Release|Any CPU
	EndGlobalSection
	GlobalSection(SolutionProperties) = preSolution
		HideSolutionNode = FALSE
	EndGlobalSection
	GlobalSection(ExtensibilityGlobals) = postSolution
		SolutionGuid = {DA6F7FAC-051D-4328-9B2C-37FD436CE348}
	EndGlobalSection
EndGlobal
